// !$*UTF8*$!
{
	archiveVersion = 1;
	classes = {
	};
	objectVersion = 51;
	objects = {

/* Begin PBXBuildFile section */
		0A5BC42F3D2A89622B57D5CC /* Pods_ML_IOS.framework in Frameworks */ = {isa = PBXBuildFile; fileRef = AA2F67B09D809A61C293BD7D /* Pods_ML_IOS.framework */; };
		84095632275882D700BE43B2 /* FaceDetectionViewController.swift in Sources */ = {isa = PBXBuildFile; fileRef = 84095631275882D700BE43B2 /* FaceDetectionViewController.swift */; };
		841B2669275651FD00572A37 /* DashboardViewController.swift in Sources */ = {isa = PBXBuildFile; fileRef = 841B2668275651FD00572A37 /* DashboardViewController.swift */; };
		841B2670275655BF00572A37 /* TextDetectionViewController.swift in Sources */ = {isa = PBXBuildFile; fileRef = 841B266F275655BF00572A37 /* TextDetectionViewController.swift */; };
		8451883F2761EFD80002695C /* ImageExtension.swift in Sources */ = {isa = PBXBuildFile; fileRef = 8451883E2761EFD80002695C /* ImageExtension.swift */; };
		8456090B275E39C200F785EF /* Inceptionv3.mlmodel in Sources */ = {isa = PBXBuildFile; fileRef = 8456090A275E39C200F785EF /* Inceptionv3.mlmodel */; };
		8484D2312757A60A00B20B96 /* SpeechDetectionViewController.swift in Sources */ = {isa = PBXBuildFile; fileRef = 8484D2302757A60A00B20B96 /* SpeechDetectionViewController.swift */; };
		84AFEB542754D9E70039E991 /* AppDelegate.swift in Sources */ = {isa = PBXBuildFile; fileRef = 84AFEB532754D9E70039E991 /* AppDelegate.swift */; };
		84AFEB562754D9E70039E991 /* SceneDelegate.swift in Sources */ = {isa = PBXBuildFile; fileRef = 84AFEB552754D9E70039E991 /* SceneDelegate.swift */; };
		84AFEB582754D9E70039E991 /* ObjectDetectionViewController.swift in Sources */ = {isa = PBXBuildFile; fileRef = 84AFEB572754D9E70039E991 /* ObjectDetectionViewController.swift */; };
		84AFEB5B2754D9E70039E991 /* Main.storyboard in Resources */ = {isa = PBXBuildFile; fileRef = 84AFEB592754D9E70039E991 /* Main.storyboard */; };
		84AFEB5D2754D9E80039E991 /* Assets.xcassets in Resources */ = {isa = PBXBuildFile; fileRef = 84AFEB5C2754D9E80039E991 /* Assets.xcassets */; };
		84AFEB602754D9E80039E991 /* LaunchScreen.storyboard in Resources */ = {isa = PBXBuildFile; fileRef = 84AFEB5E2754D9E80039E991 /* LaunchScreen.storyboard */; };
		84F2E45B275F82E5004DC001 /* BarcodeDetectionViewController.swift in Sources */ = {isa = PBXBuildFile; fileRef = 84F2E45A275F82E5004DC001 /* BarcodeDetectionViewController.swift */; };
		84F2E45F275F8377004DC001 /* WebviewViewController.swift in Sources */ = {isa = PBXBuildFile; fileRef = 84F2E45E275F8377004DC001 /* WebviewViewController.swift */; };
/* End PBXBuildFile section */

/* Begin PBXFileReference section */
		3392828CD3D878BD43ABC321 /* Pods-ML_IOS.release.xcconfig */ = {isa = PBXFileReference; includeInIndex = 1; lastKnownFileType = text.xcconfig; name = "Pods-ML_IOS.release.xcconfig"; path = "Target Support Files/Pods-ML_IOS/Pods-ML_IOS.release.xcconfig"; sourceTree = "<group>"; };
		84095631275882D700BE43B2 /* FaceDetectionViewController.swift */ = {isa = PBXFileReference; lastKnownFileType = sourcecode.swift; path = FaceDetectionViewController.swift; sourceTree = "<group>"; };
		841B2668275651FD00572A37 /* DashboardViewController.swift */ = {isa = PBXFileReference; lastKnownFileType = sourcecode.swift; path = DashboardViewController.swift; sourceTree = "<group>"; };
		841B266F275655BF00572A37 /* TextDetectionViewController.swift */ = {isa = PBXFileReference; lastKnownFileType = sourcecode.swift; path = TextDetectionViewController.swift; sourceTree = "<group>"; };
		8451883E2761EFD80002695C /* ImageExtension.swift */ = {isa = PBXFileReference; fileEncoding = 4; lastKnownFileType = sourcecode.swift; path = ImageExtension.swift; sourceTree = "<group>"; };
		8456090A275E39C200F785EF /* Inceptionv3.mlmodel */ = {isa = PBXFileReference; lastKnownFileType = file.mlmodel; path = Inceptionv3.mlmodel; sourceTree = "<group>"; };
		8484D2302757A60A00B20B96 /* SpeechDetectionViewController.swift */ = {isa = PBXFileReference; lastKnownFileType = sourcecode.swift; path = SpeechDetectionViewController.swift; sourceTree = "<group>"; };
		84AFEB502754D9E70039E991 /* ML_IOS.app */ = {isa = PBXFileReference; explicitFileType = wrapper.application; includeInIndex = 0; path = ML_IOS.app; sourceTree = BUILT_PRODUCTS_DIR; };
		84AFEB532754D9E70039E991 /* AppDelegate.swift */ = {isa = PBXFileReference; lastKnownFileType = sourcecode.swift; path = AppDelegate.swift; sourceTree = "<group>"; };
		84AFEB552754D9E70039E991 /* SceneDelegate.swift */ = {isa = PBXFileReference; lastKnownFileType = sourcecode.swift; path = SceneDelegate.swift; sourceTree = "<group>"; };
		84AFEB572754D9E70039E991 /* ObjectDetectionViewController.swift */ = {isa = PBXFileReference; lastKnownFileType = sourcecode.swift; path = ObjectDetectionViewController.swift; sourceTree = "<group>"; };
		84AFEB5A2754D9E70039E991 /* Base */ = {isa = PBXFileReference; lastKnownFileType = file.storyboard; name = Base; path = Base.lproj/Main.storyboard; sourceTree = "<group>"; };
		84AFEB5C2754D9E80039E991 /* Assets.xcassets */ = {isa = PBXFileReference; lastKnownFileType = folder.assetcatalog; path = Assets.xcassets; sourceTree = "<group>"; };
		84AFEB5F2754D9E80039E991 /* Base */ = {isa = PBXFileReference; lastKnownFileType = file.storyboard; name = Base; path = Base.lproj/LaunchScreen.storyboard; sourceTree = "<group>"; };
		84AFEB612754D9E80039E991 /* Info.plist */ = {isa = PBXFileReference; lastKnownFileType = text.plist.xml; path = Info.plist; sourceTree = "<group>"; };
		84F2E45A275F82E5004DC001 /* BarcodeDetectionViewController.swift */ = {isa = PBXFileReference; lastKnownFileType = sourcecode.swift; path = BarcodeDetectionViewController.swift; sourceTree = "<group>"; };
		84F2E45E275F8377004DC001 /* WebviewViewController.swift */ = {isa = PBXFileReference; lastKnownFileType = sourcecode.swift; path = WebviewViewController.swift; sourceTree = "<group>"; };
		9BCBEDAEBD84A8B08AA3CD47 /* Pods-ML_IOS.debug.xcconfig */ = {isa = PBXFileReference; includeInIndex = 1; lastKnownFileType = text.xcconfig; name = "Pods-ML_IOS.debug.xcconfig"; path = "Target Support Files/Pods-ML_IOS/Pods-ML_IOS.debug.xcconfig"; sourceTree = "<group>"; };
		AA2F67B09D809A61C293BD7D /* Pods_ML_IOS.framework */ = {isa = PBXFileReference; explicitFileType = wrapper.framework; includeInIndex = 0; path = Pods_ML_IOS.framework; sourceTree = BUILT_PRODUCTS_DIR; };
/* End PBXFileReference section */

/* Begin PBXFrameworksBuildPhase section */
		84AFEB4D2754D9E70039E991 /* Frameworks */ = {
			isa = PBXFrameworksBuildPhase;
			buildActionMask = 2147483647;
			files = (
				0A5BC42F3D2A89622B57D5CC /* Pods_ML_IOS.framework in Frameworks */,
			);
			runOnlyForDeploymentPostprocessing = 0;
		};
/* End PBXFrameworksBuildPhase section */

/* Begin PBXGroup section */
		81F03CD76580E8403E2770A5 /* Frameworks */ = {
			isa = PBXGroup;
			children = (
				AA2F67B09D809A61C293BD7D /* Pods_ML_IOS.framework */,
			);
			name = Frameworks;
			sourceTree = "<group>";
		};
		84095630275882C000BE43B2 /* Face */ = {
			isa = PBXGroup;
			children = (
				84095631275882D700BE43B2 /* FaceDetectionViewController.swift */,
			);
			path = Face;
			sourceTree = "<group>";
		};
		841B266C2756559200572A37 /* Object */ = {
			isa = PBXGroup;
			children = (
				84AFEB572754D9E70039E991 /* ObjectDetectionViewController.swift */,
			);
			path = Object;
			sourceTree = "<group>";
		};
		841B266D2756559C00572A37 /* Dashboard */ = {
			isa = PBXGroup;
			children = (
				841B2668275651FD00572A37 /* DashboardViewController.swift */,
			);
			path = Dashboard;
			sourceTree = "<group>";
		};
		841B266E275655A700572A37 /* Text */ = {
			isa = PBXGroup;
			children = (
				841B266F275655BF00572A37 /* TextDetectionViewController.swift */,
			);
			path = Text;
			sourceTree = "<group>";
		};
		841B2672275655D200572A37 /* Extensions */ = {
			isa = PBXGroup;
			children = (
				8451883E2761EFD80002695C /* ImageExtension.swift */,
			);
			path = Extensions;
			sourceTree = "<group>";
		};
		841B2673275655E200572A37 /* MLModels */ = {
			isa = PBXGroup;
			children = (
				8456090A275E39C200F785EF /* Inceptionv3.mlmodel */,
			);
			path = MLModels;
			sourceTree = "<group>";
		};
		841B2675275655F000572A37 /* View */ = {
			isa = PBXGroup;
			children = (
				84AFEB592754D9E70039E991 /* Main.storyboard */,
				84AFEB5E2754D9E80039E991 /* LaunchScreen.storyboard */,
			);
			path = View;
			sourceTree = "<group>";
		};
		841B26762756560800572A37 /* Resources */ = {
			isa = PBXGroup;
			children = (
				84AFEB532754D9E70039E991 /* AppDelegate.swift */,
				84AFEB552754D9E70039E991 /* SceneDelegate.swift */,
			);
			path = Resources;
			sourceTree = "<group>";
		};
		8484D22F2757A5DF00B20B96 /* Speech */ = {
			isa = PBXGroup;
			children = (
				8484D2302757A60A00B20B96 /* SpeechDetectionViewController.swift */,
			);
			path = Speech;
			sourceTree = "<group>";
		};
		84AFEB472754D9E70039E991 = {
			isa = PBXGroup;
			children = (
				84AFEB522754D9E70039E991 /* ML_IOS */,
				84AFEB512754D9E70039E991 /* Products */,
				9DBAD635575BC3798EB44E96 /* Pods */,
				81F03CD76580E8403E2770A5 /* Frameworks */,
			);
			sourceTree = "<group>";
		};
		84AFEB512754D9E70039E991 /* Products */ = {
			isa = PBXGroup;
			children = (
				84AFEB502754D9E70039E991 /* ML_IOS.app */,
			);
			name = Products;
			sourceTree = "<group>";
		};
		84AFEB522754D9E70039E991 /* ML_IOS */ = {
			isa = PBXGroup;
			children = (
				84F2E459275F82CF004DC001 /* Barcode */,
				84095630275882C000BE43B2 /* Face */,
				8484D22F2757A5DF00B20B96 /* Speech */,
				841B26762756560800572A37 /* Resources */,
				841B2675275655F000572A37 /* View */,
				841B2673275655E200572A37 /* MLModels */,
				841B2672275655D200572A37 /* Extensions */,
				841B266E275655A700572A37 /* Text */,
				841B266D2756559C00572A37 /* Dashboard */,
				841B266C2756559200572A37 /* Object */,
				84AFEB5C2754D9E80039E991 /* Assets.xcassets */,
				84AFEB612754D9E80039E991 /* Info.plist */,
			);
			path = ML_IOS;
			sourceTree = "<group>";
		};
		84F2E459275F82CF004DC001 /* Barcode */ = {
			isa = PBXGroup;
			children = (
				84F2E45A275F82E5004DC001 /* BarcodeDetectionViewController.swift */,
				84F2E45E275F8377004DC001 /* WebviewViewController.swift */,
			);
			path = Barcode;
			sourceTree = "<group>";
		};
		9DBAD635575BC3798EB44E96 /* Pods */ = {
			isa = PBXGroup;
			children = (
				9BCBEDAEBD84A8B08AA3CD47 /* Pods-ML_IOS.debug.xcconfig */,
				3392828CD3D878BD43ABC321 /* Pods-ML_IOS.release.xcconfig */,
			);
			path = Pods;
			sourceTree = "<group>";
		};
/* End PBXGroup section */

/* Begin PBXNativeTarget section */
		84AFEB4F2754D9E70039E991 /* ML_IOS */ = {
			isa = PBXNativeTarget;
			buildConfigurationList = 84AFEB642754D9E80039E991 /* Build configuration list for PBXNativeTarget "ML_IOS" */;
			buildPhases = (
				2209D3F1DFFFCD46B6625C3D /* [CP] Check Pods Manifest.lock */,
				84AFEB4C2754D9E70039E991 /* Sources */,
				84AFEB4D2754D9E70039E991 /* Frameworks */,
				84AFEB4E2754D9E70039E991 /* Resources */,
			);
			buildRules = (
			);
			dependencies = (
			);
			name = ML_IOS;
			productName = ML_IOS;
			productReference = 84AFEB502754D9E70039E991 /* ML_IOS.app */;
			productType = "com.apple.product-type.application";
		};
/* End PBXNativeTarget section */

/* Begin PBXProject section */
		84AFEB482754D9E70039E991 /* Project object */ = {
			isa = PBXProject;
			attributes = {
				LastSwiftUpdateCheck = 1240;
				LastUpgradeCheck = 1240;
				TargetAttributes = {
					84AFEB4F2754D9E70039E991 = {
						CreatedOnToolsVersion = 12.4;
					};
				};
			};
			buildConfigurationList = 84AFEB4B2754D9E70039E991 /* Build configuration list for PBXProject "ML_IOS" */;
			compatibilityVersion = "Xcode 9.3";
			developmentRegion = en;
			hasScannedForEncodings = 0;
			knownRegions = (
				en,
				Base,
			);
			mainGroup = 84AFEB472754D9E70039E991;
			productRefGroup = 84AFEB512754D9E70039E991 /* Products */;
			projectDirPath = "";
			projectRoot = "";
			targets = (
				84AFEB4F2754D9E70039E991 /* ML_IOS */,
			);
		};
/* End PBXProject section */

/* Begin PBXResourcesBuildPhase section */
		84AFEB4E2754D9E70039E991 /* Resources */ = {
			isa = PBXResourcesBuildPhase;
			buildActionMask = 2147483647;
			files = (
				84AFEB602754D9E80039E991 /* LaunchScreen.storyboard in Resources */,
				84AFEB5D2754D9E80039E991 /* Assets.xcassets in Resources */,
				84AFEB5B2754D9E70039E991 /* Main.storyboard in Resources */,
			);
			runOnlyForDeploymentPostprocessing = 0;
		};
/* End PBXResourcesBuildPhase section */

/* Begin PBXShellScriptBuildPhase section */
		2209D3F1DFFFCD46B6625C3D /* [CP] Check Pods Manifest.lock */ = {
			isa = PBXShellScriptBuildPhase;
			buildActionMask = 2147483647;
			files = (
			);
			inputFileListPaths = (
			);
			inputPaths = (
				"${PODS_PODFILE_DIR_PATH}/Podfile.lock",
				"${PODS_ROOT}/Manifest.lock",
			);
			name = "[CP] Check Pods Manifest.lock";
			outputFileListPaths = (
			);
			outputPaths = (
				"$(DERIVED_FILE_DIR)/Pods-ML_IOS-checkManifestLockResult.txt",
			);
			runOnlyForDeploymentPostprocessing = 0;
			shellPath = /bin/sh;
			shellScript = "diff \"${PODS_PODFILE_DIR_PATH}/Podfile.lock\" \"${PODS_ROOT}/Manifest.lock\" > /dev/null\nif [ $? != 0 ] ; then\n    # print error to STDERR\n    echo \"error: The sandbox is not in sync with the Podfile.lock. Run 'pod install' or update your CocoaPods installation.\" >&2\n    exit 1\nfi\n# This output is used by Xcode 'outputs' to avoid re-running this script phase.\necho \"SUCCESS\" > \"${SCRIPT_OUTPUT_FILE_0}\"\n";
			showEnvVarsInLog = 0;
		};
/* End PBXShellScriptBuildPhase section */

/* Begin PBXSourcesBuildPhase section */
		84AFEB4C2754D9E70039E991 /* Sources */ = {
			isa = PBXSourcesBuildPhase;
			buildActionMask = 2147483647;
			files = (
				8456090B275E39C200F785EF /* Inceptionv3.mlmodel in Sources */,
				84F2E45B275F82E5004DC001 /* BarcodeDetectionViewController.swift in Sources */,
				841B2670275655BF00572A37 /* TextDetectionViewController.swift in Sources */,
				84F2E45F275F8377004DC001 /* WebviewViewController.swift in Sources */,
				8451883F2761EFD80002695C /* ImageExtension.swift in Sources */,
				84AFEB582754D9E70039E991 /* ObjectDetectionViewController.swift in Sources */,
				841B2669275651FD00572A37 /* DashboardViewController.swift in Sources */,
				84AFEB542754D9E70039E991 /* AppDelegate.swift in Sources */,
				84AFEB562754D9E70039E991 /* SceneDelegate.swift in Sources */,
				8484D2312757A60A00B20B96 /* SpeechDetectionViewController.swift in Sources */,
				84095632275882D700BE43B2 /* FaceDetectionViewController.swift in Sources */,
			);
			runOnlyForDeploymentPostprocessing = 0;
		};
/* End PBXSourcesBuildPhase section */

/* Begin PBXVariantGroup section */
		84AFEB592754D9E70039E991 /* Main.storyboard */ = {
			isa = PBXVariantGroup;
			children = (
				84AFEB5A2754D9E70039E991 /* Base */,
			);
			name = Main.storyboard;
			sourceTree = "<group>";
		};
		84AFEB5E2754D9E80039E991 /* LaunchScreen.storyboard */ = {
			isa = PBXVariantGroup;
			children = (
				84AFEB5F2754D9E80039E991 /* Base */,
			);
			name = LaunchScreen.storyboard;
			sourceTree = "<group>";
		};
/* End PBXVariantGroup section */

/* Begin XCBuildConfiguration section */
		84AFEB622754D9E80039E991 /* Debug */ = {
			isa = XCBuildConfiguration;
			buildSettings = {
				ALWAYS_SEARCH_USER_PATHS = NO;
				CLANG_ANALYZER_NONNULL = YES;
				CLANG_ANALYZER_NUMBER_OBJECT_CONVERSION = YES_AGGRESSIVE;
				CLANG_CXX_LANGUAGE_STANDARD = "gnu++14";
				CLANG_CXX_LIBRARY = "libc++";
				CLANG_ENABLE_MODULES = YES;
				CLANG_ENABLE_OBJC_ARC = YES;
				CLANG_ENABLE_OBJC_WEAK = YES;
				CLANG_WARN_BLOCK_CAPTURE_AUTORELEASING = YES;
				CLANG_WARN_BOOL_CONVERSION = YES;
				CLANG_WARN_COMMA = YES;
				CLANG_WARN_CONSTANT_CONVERSION = YES;
				CLANG_WARN_DEPRECATED_OBJC_IMPLEMENTATIONS = YES;
				CLANG_WARN_DIRECT_OBJC_ISA_USAGE = YES_ERROR;
				CLANG_WARN_DOCUMENTATION_COMMENTS = YES;
				CLANG_WARN_EMPTY_BODY = YES;
				CLANG_WARN_ENUM_CONVERSION = YES;
				CLANG_WARN_INFINITE_RECURSION = YES;
				CLANG_WARN_INT_CONVERSION = YES;
				CLANG_WARN_NON_LITERAL_NULL_CONVERSION = YES;
				CLANG_WARN_OBJC_IMPLICIT_RETAIN_SELF = YES;
				CLANG_WARN_OBJC_LITERAL_CONVERSION = YES;
				CLANG_WARN_OBJC_ROOT_CLASS = YES_ERROR;
				CLANG_WARN_QUOTED_INCLUDE_IN_FRAMEWORK_HEADER = YES;
				CLANG_WARN_RANGE_LOOP_ANALYSIS = YES;
				CLANG_WARN_STRICT_PROTOTYPES = YES;
				CLANG_WARN_SUSPICIOUS_MOVE = YES;
				CLANG_WARN_UNGUARDED_AVAILABILITY = YES_AGGRESSIVE;
				CLANG_WARN_UNREACHABLE_CODE = YES;
				CLANG_WARN__DUPLICATE_METHOD_MATCH = YES;
				COPY_PHASE_STRIP = NO;
				DEBUG_INFORMATION_FORMAT = dwarf;
				ENABLE_STRICT_OBJC_MSGSEND = YES;
				ENABLE_TESTABILITY = YES;
				GCC_C_LANGUAGE_STANDARD = gnu11;
				GCC_DYNAMIC_NO_PIC = NO;
				GCC_NO_COMMON_BLOCKS = YES;
				GCC_OPTIMIZATION_LEVEL = 0;
				GCC_PREPROCESSOR_DEFINITIONS = (
					"DEBUG=1",
					"$(inherited)",
				);
				GCC_WARN_64_TO_32_BIT_CONVERSION = YES;
				GCC_WARN_ABOUT_RETURN_TYPE = YES_ERROR;
				GCC_WARN_UNDECLARED_SELECTOR = YES;
				GCC_WARN_UNINITIALIZED_AUTOS = YES_AGGRESSIVE;
				GCC_WARN_UNUSED_FUNCTION = YES;
				GCC_WARN_UNUSED_VARIABLE = YES;
				IPHONEOS_DEPLOYMENT_TARGET = 14.4;
				MTL_ENABLE_DEBUG_INFO = INCLUDE_SOURCE;
				MTL_FAST_MATH = YES;
				ONLY_ACTIVE_ARCH = YES;
				SDKROOT = iphoneos;
				SWIFT_ACTIVE_COMPILATION_CONDITIONS = DEBUG;
				SWIFT_OPTIMIZATION_LEVEL = "-Onone";
			};
			name = Debug;
		};
		84AFEB632754D9E80039E991 /* Release */ = {
			isa = XCBuildConfiguration;
			buildSettings = {
				ALWAYS_SEARCH_USER_PATHS = NO;
				CLANG_ANALYZER_NONNULL = YES;
				CLANG_ANALYZER_NUMBER_OBJECT_CONVERSION = YES_AGGRESSIVE;
				CLANG_CXX_LANGUAGE_STANDARD = "gnu++14";
				CLANG_CXX_LIBRARY = "libc++";
				CLANG_ENABLE_MODULES = YES;
				CLANG_ENABLE_OBJC_ARC = YES;
				CLANG_ENABLE_OBJC_WEAK = YES;
				CLANG_WARN_BLOCK_CAPTURE_AUTORELEASING = YES;
				CLANG_WARN_BOOL_CONVERSION = YES;
				CLANG_WARN_COMMA = YES;
				CLANG_WARN_CONSTANT_CONVERSION = YES;
				CLANG_WARN_DEPRECATED_OBJC_IMPLEMENTATIONS = YES;
				CLANG_WARN_DIRECT_OBJC_ISA_USAGE = YES_ERROR;
				CLANG_WARN_DOCUMENTATION_COMMENTS = YES;
				CLANG_WARN_EMPTY_BODY = YES;
				CLANG_WARN_ENUM_CONVERSION = YES;
				CLANG_WARN_INFINITE_RECURSION = YES;
				CLANG_WARN_INT_CONVERSION = YES;
				CLANG_WARN_NON_LITERAL_NULL_CONVERSION = YES;
				CLANG_WARN_OBJC_IMPLICIT_RETAIN_SELF = YES;
				CLANG_WARN_OBJC_LITERAL_CONVERSION = YES;
				CLANG_WARN_OBJC_ROOT_CLASS = YES_ERROR;
				CLANG_WARN_QUOTED_INCLUDE_IN_FRAMEWORK_HEADER = YES;
				CLANG_WARN_RANGE_LOOP_ANALYSIS = YES;
				CLANG_WARN_STRICT_PROTOTYPES = YES;
				CLANG_WARN_SUSPICIOUS_MOVE = YES;
				CLANG_WARN_UNGUARDED_AVAILABILITY = YES_AGGRESSIVE;
				CLANG_WARN_UNREACHABLE_CODE = YES;
				CLANG_WARN__DUPLICATE_METHOD_MATCH = YES;
				COPY_PHASE_STRIP = NO;
				DEBUG_INFORMATION_FORMAT = "dwarf-with-dsym";
				ENABLE_NS_ASSERTIONS = NO;
				ENABLE_STRICT_OBJC_MSGSEND = YES;
				GCC_C_LANGUAGE_STANDARD = gnu11;
				GCC_NO_COMMON_BLOCKS = YES;
				GCC_WARN_64_TO_32_BIT_CONVERSION = YES;
				GCC_WARN_ABOUT_RETURN_TYPE = YES_ERROR;
				GCC_WARN_UNDECLARED_SELECTOR = YES;
				GCC_WARN_UNINITIALIZED_AUTOS = YES_AGGRESSIVE;
				GCC_WARN_UNUSED_FUNCTION = YES;
				GCC_WARN_UNUSED_VARIABLE = YES;
				IPHONEOS_DEPLOYMENT_TARGET = 14.4;
				MTL_ENABLE_DEBUG_INFO = NO;
				MTL_FAST_MATH = YES;
				SDKROOT = iphoneos;
				SWIFT_COMPILATION_MODE = wholemodule;
				SWIFT_OPTIMIZATION_LEVEL = "-O";
				VALIDATE_PRODUCT = YES;
			};
			name = Release;
		};
		84AFEB652754D9E80039E991 /* Debug */ = {
			isa = XCBuildConfiguration;
			baseConfigurationReference = 9BCBEDAEBD84A8B08AA3CD47 /* Pods-ML_IOS.debug.xcconfig */;
			buildSettings = {
				ASSETCATALOG_COMPILER_APPICON_NAME = AppIcon;
				ASSETCATALOG_COMPILER_GLOBAL_ACCENT_COLOR_NAME = AccentColor;
				CODE_SIGN_STYLE = Automatic;
				INFOPLIST_FILE = ML_IOS/Info.plist;
				LD_RUNPATH_SEARCH_PATHS = (
					"$(inherited)",
					"@executable_path/Frameworks",
				);
				PRODUCT_BUNDLE_IDENTIFIER = "com.unyscape.com.ML-IOS";
				PRODUCT_NAME = "$(TARGET_NAME)";
				SWIFT_VERSION = 5.0;
				TARGETED_DEVICE_FAMILY = "1,2";
			};
			name = Debug;
		};
		84AFEB662754D9E80039E991 /* Release */ = {
			isa = XCBuildConfiguration;
			baseConfigurationReference = 3392828CD3D878BD43ABC321 /* Pods-ML_IOS.release.xcconfig */;
			buildSettings = {
				ASSETCATALOG_COMPILER_APPICON_NAME = AppIcon;
				ASSETCATALOG_COMPILER_GLOBAL_ACCENT_COLOR_NAME = AccentColor;
				CODE_SIGN_STYLE = Automatic;
				INFOPLIST_FILE = ML_IOS/Info.plist;
				LD_RUNPATH_SEARCH_PATHS = (
					"$(inherited)",
					"@executable_path/Frameworks",
				);
				PRODUCT_BUNDLE_IDENTIFIER = "com.unyscape.com.ML-IOS";
				PRODUCT_NAME = "$(TARGET_NAME)";
				SWIFT_VERSION = 5.0;
				TARGETED_DEVICE_FAMILY = "1,2";
			};
			name = Release;
		};
/* End XCBuildConfiguration section */

/* Begin XCConfigurationList section */
		84AFEB4B2754D9E70039E991 /* Build configuration list for PBXProject "ML_IOS" */ = {
			isa = XCConfigurationList;
			buildConfigurations = (
				84AFEB622754D9E80039E991 /* Debug */,
				84AFEB632754D9E80039E991 /* Release */,
			);
			defaultConfigurationIsVisible = 0;
			defaultConfigurationName = Release;
		};
		84AFEB642754D9E80039E991 /* Build configuration list for PBXNativeTarget "ML_IOS" */ = {
			isa = XCConfigurationList;
			buildConfigurations = (
				84AFEB652754D9E80039E991 /* Debug */,
				84AFEB662754D9E80039E991 /* Release */,
			);
			defaultConfigurationIsVisible = 0;
			defaultConfigurationName = Release;
		};
/* End XCConfigurationList section */
	};
	rootObject = 84AFEB482754D9E70039E991 /* Project object */;
}
